
Microsoft Visual Studio Solution File, Format Version 12.00
# Visual Studio Version 17
VisualStudioVersion = 17.3.32922.545
MinimumVisualStudioVersion = 10.0.40219.1
Project("{FAE04EC0-301F-11D3-BF4B-00C04F79EFBC}") = "hw 5", "hw 5\hw 5.csproj", "{9910C6C2-4343-4F42-8E0B-798EE659DEFA}"
EndProject
Global
	GlobalSection(SolutionConfigurationPlatforms) = preSolution
		Debug|Any CPU = Debug|Any CPU
		Release|Any CPU = Release|Any CPU
	EndGlobalSection
	GlobalSection(ProjectConfigurationPlatforms) = postSolution
		{9910C6C2-4343-4F42-8E0B-798EE659DEFA}.Debug|Any CPU.ActiveCfg = Debug|Any CPU
		{9910C6C2-4343-4F42-8E0B-798EE659DEFA}.Debug|Any CPU.Build.0 = Debug|Any CPU
		{9910C6C2-4343-4F42-8E0B-798EE659DEFA}.Release|Any CPU.ActiveCfg = Release|Any CPU
		{9910C6C2-4343-4F42-8E0B-798EE659DEFA}.Release|Any CPU.Build.0 = Release|Any CPU
	EndGlobalSection
	GlobalSection(SolutionProperties) = preSolution
		HideSolutionNode = FALSE
	EndGlobalSection
	GlobalSection(ExtensibilityGlobals) = postSolution
		SolutionGuid = {6C89B127-AA40-4F9D-BFBD-24864CD6E5B8}
	EndGlobalSection
EndGlobal
