
Microsoft Visual Studio Solution File, Format Version 12.00
# Visual Studio Version 17
VisualStudioVersion = 17.4.33122.133
MinimumVisualStudioVersion = 10.0.40219.1
Project("{FAE04EC0-301F-11D3-BF4B-00C04F79EFBC}") = "9.4 task", "9.4 task.csproj", "{665993B7-AF95-4FDD-8813-8D435DF07155}"
EndProject
Global
	GlobalSection(SolutionConfigurationPlatforms) = preSolution
		Debug|Any CPU = Debug|Any CPU
		Release|Any CPU = Release|Any CPU
	EndGlobalSection
	GlobalSection(ProjectConfigurationPlatforms) = postSolution
		{665993B7-AF95-4FDD-8813-8D435DF07155}.Debug|Any CPU.ActiveCfg = Debug|Any CPU
		{665993B7-AF95-4FDD-8813-8D435DF07155}.Debug|Any CPU.Build.0 = Debug|Any CPU
		{665993B7-AF95-4FDD-8813-8D435DF07155}.Release|Any CPU.ActiveCfg = Release|Any CPU
		{665993B7-AF95-4FDD-8813-8D435DF07155}.Release|Any CPU.Build.0 = Release|Any CPU
	EndGlobalSection
	GlobalSection(SolutionProperties) = preSolution
		HideSolutionNode = FALSE
	EndGlobalSection
	GlobalSection(ExtensibilityGlobals) = postSolution
		SolutionGuid = {5C606364-E37F-4D58-974F-87B501344E10}
	EndGlobalSection
EndGlobal
