
Microsoft Visual Studio Solution File, Format Version 12.00
# Visual Studio Version 17
VisualStudioVersion = 17.3.32922.545
MinimumVisualStudioVersion = 10.0.40219.1
Project("{FAE04EC0-301F-11D3-BF4B-00C04F79EFBC}") = "lectur 21.11.22", "lectur 21.11.22\lectur 21.11.22.csproj", "{BB759B90-A327-457C-A91C-77EB79A0C78B}"
EndProject
Global
	GlobalSection(SolutionConfigurationPlatforms) = preSolution
		Debug|Any CPU = Debug|Any CPU
		Release|Any CPU = Release|Any CPU
	EndGlobalSection
	GlobalSection(ProjectConfigurationPlatforms) = postSolution
		{BB759B90-A327-457C-A91C-77EB79A0C78B}.Debug|Any CPU.ActiveCfg = Debug|Any CPU
		{BB759B90-A327-457C-A91C-77EB79A0C78B}.Debug|Any CPU.Build.0 = Debug|Any CPU
		{BB759B90-A327-457C-A91C-77EB79A0C78B}.Release|Any CPU.ActiveCfg = Release|Any CPU
		{BB759B90-A327-457C-A91C-77EB79A0C78B}.Release|Any CPU.Build.0 = Release|Any CPU
	EndGlobalSection
	GlobalSection(SolutionProperties) = preSolution
		HideSolutionNode = FALSE
	EndGlobalSection
	GlobalSection(ExtensibilityGlobals) = postSolution
		SolutionGuid = {FF06C51D-F95D-47AF-A33B-879F3C5C53D6}
	EndGlobalSection
EndGlobal
