
Microsoft Visual Studio Solution File, Format Version 12.00
# Visual Studio Version 17
VisualStudioVersion = 17.4.33122.133
MinimumVisualStudioVersion = 10.0.40219.1
Project("{FAE04EC0-301F-11D3-BF4B-00C04F79EFBC}") = "92 well done", "92 well done.csproj", "{1BE0D442-718D-4460-96D8-E368BB1FED76}"
EndProject
Global
	GlobalSection(SolutionConfigurationPlatforms) = preSolution
		Debug|Any CPU = Debug|Any CPU
		Release|Any CPU = Release|Any CPU
	EndGlobalSection
	GlobalSection(ProjectConfigurationPlatforms) = postSolution
		{1BE0D442-718D-4460-96D8-E368BB1FED76}.Debug|Any CPU.ActiveCfg = Debug|Any CPU
		{1BE0D442-718D-4460-96D8-E368BB1FED76}.Debug|Any CPU.Build.0 = Debug|Any CPU
		{1BE0D442-718D-4460-96D8-E368BB1FED76}.Release|Any CPU.ActiveCfg = Release|Any CPU
		{1BE0D442-718D-4460-96D8-E368BB1FED76}.Release|Any CPU.Build.0 = Release|Any CPU
	EndGlobalSection
	GlobalSection(SolutionProperties) = preSolution
		HideSolutionNode = FALSE
	EndGlobalSection
	GlobalSection(ExtensibilityGlobals) = postSolution
		SolutionGuid = {486C9D9D-4EEF-404C-A7D8-D3B03EFBBC47}
	EndGlobalSection
EndGlobal
