
Microsoft Visual Studio Solution File, Format Version 12.00
# Visual Studio Version 17
VisualStudioVersion = 17.4.33122.133
MinimumVisualStudioVersion = 10.0.40219.1
Project("{FAE04EC0-301F-11D3-BF4B-00C04F79EFBC}") = "ConsoleApp9.2", "ConsoleApp9.2.csproj", "{6C400139-43EC-418F-954F-B98E81F97ED0}"
EndProject
Global
	GlobalSection(SolutionConfigurationPlatforms) = preSolution
		Debug|Any CPU = Debug|Any CPU
		Release|Any CPU = Release|Any CPU
	EndGlobalSection
	GlobalSection(ProjectConfigurationPlatforms) = postSolution
		{6C400139-43EC-418F-954F-B98E81F97ED0}.Debug|Any CPU.ActiveCfg = Debug|Any CPU
		{6C400139-43EC-418F-954F-B98E81F97ED0}.Debug|Any CPU.Build.0 = Debug|Any CPU
		{6C400139-43EC-418F-954F-B98E81F97ED0}.Release|Any CPU.ActiveCfg = Release|Any CPU
		{6C400139-43EC-418F-954F-B98E81F97ED0}.Release|Any CPU.Build.0 = Release|Any CPU
	EndGlobalSection
	GlobalSection(SolutionProperties) = preSolution
		HideSolutionNode = FALSE
	EndGlobalSection
	GlobalSection(ExtensibilityGlobals) = postSolution
		SolutionGuid = {F0E61AD1-CA36-4DC9-A9E5-D6868A1A7FEE}
	EndGlobalSection
EndGlobal
