
Microsoft Visual Studio Solution File, Format Version 12.00
# Visual Studio Version 17
VisualStudioVersion = 17.3.32922.545
MinimumVisualStudioVersion = 10.0.40219.1
Project("{FAE04EC0-301F-11D3-BF4B-00C04F79EFBC}") = "hw7.2", "hw7.2\hw7.2.csproj", "{5FEAE501-C55B-4F2B-9405-50107EDD275A}"
EndProject
Global
	GlobalSection(SolutionConfigurationPlatforms) = preSolution
		Debug|Any CPU = Debug|Any CPU
		Release|Any CPU = Release|Any CPU
	EndGlobalSection
	GlobalSection(ProjectConfigurationPlatforms) = postSolution
		{5FEAE501-C55B-4F2B-9405-50107EDD275A}.Debug|Any CPU.ActiveCfg = Debug|Any CPU
		{5FEAE501-C55B-4F2B-9405-50107EDD275A}.Debug|Any CPU.Build.0 = Debug|Any CPU
		{5FEAE501-C55B-4F2B-9405-50107EDD275A}.Release|Any CPU.ActiveCfg = Release|Any CPU
		{5FEAE501-C55B-4F2B-9405-50107EDD275A}.Release|Any CPU.Build.0 = Release|Any CPU
	EndGlobalSection
	GlobalSection(SolutionProperties) = preSolution
		HideSolutionNode = FALSE
	EndGlobalSection
	GlobalSection(ExtensibilityGlobals) = postSolution
		SolutionGuid = {DE948EB9-D605-4D32-B8FE-3D310EBAC845}
	EndGlobalSection
EndGlobal
