
Microsoft Visual Studio Solution File, Format Version 12.00
# Visual Studio Version 17
VisualStudioVersion = 17.3.32922.545
MinimumVisualStudioVersion = 10.0.40219.1
Project("{FAE04EC0-301F-11D3-BF4B-00C04F79EFBC}") = "стих", "стих\стих.csproj", "{2BB98395-D8AE-42C7-9A12-A1EDE646830F}"
EndProject
Global
	GlobalSection(SolutionConfigurationPlatforms) = preSolution
		Debug|Any CPU = Debug|Any CPU
		Release|Any CPU = Release|Any CPU
	EndGlobalSection
	GlobalSection(ProjectConfigurationPlatforms) = postSolution
		{2BB98395-D8AE-42C7-9A12-A1EDE646830F}.Debug|Any CPU.ActiveCfg = Debug|Any CPU
		{2BB98395-D8AE-42C7-9A12-A1EDE646830F}.Debug|Any CPU.Build.0 = Debug|Any CPU
		{2BB98395-D8AE-42C7-9A12-A1EDE646830F}.Release|Any CPU.ActiveCfg = Release|Any CPU
		{2BB98395-D8AE-42C7-9A12-A1EDE646830F}.Release|Any CPU.Build.0 = Release|Any CPU
	EndGlobalSection
	GlobalSection(SolutionProperties) = preSolution
		HideSolutionNode = FALSE
	EndGlobalSection
	GlobalSection(ExtensibilityGlobals) = postSolution
		SolutionGuid = {8F8764BB-80D8-45D3-A8E9-ECF0AA13C7E6}
	EndGlobalSection
EndGlobal
