
Microsoft Visual Studio Solution File, Format Version 12.00
# Visual Studio Version 17
VisualStudioVersion = 17.4.33122.133
MinimumVisualStudioVersion = 10.0.40219.1
Project("{FAE04EC0-301F-11D3-BF4B-00C04F79EFBC}") = "7.2", "7.2.csproj", "{482107D8-4655-4386-AFDB-51FB8F9FAF69}"
EndProject
Global
	GlobalSection(SolutionConfigurationPlatforms) = preSolution
		Debug|Any CPU = Debug|Any CPU
		Release|Any CPU = Release|Any CPU
	EndGlobalSection
	GlobalSection(ProjectConfigurationPlatforms) = postSolution
		{482107D8-4655-4386-AFDB-51FB8F9FAF69}.Debug|Any CPU.ActiveCfg = Debug|Any CPU
		{482107D8-4655-4386-AFDB-51FB8F9FAF69}.Debug|Any CPU.Build.0 = Debug|Any CPU
		{482107D8-4655-4386-AFDB-51FB8F9FAF69}.Release|Any CPU.ActiveCfg = Release|Any CPU
		{482107D8-4655-4386-AFDB-51FB8F9FAF69}.Release|Any CPU.Build.0 = Release|Any CPU
	EndGlobalSection
	GlobalSection(SolutionProperties) = preSolution
		HideSolutionNode = FALSE
	EndGlobalSection
	GlobalSection(ExtensibilityGlobals) = postSolution
		SolutionGuid = {DD019C92-1E10-4BBB-A4E6-D99C2EFC7405}
	EndGlobalSection
EndGlobal
