
Microsoft Visual Studio Solution File, Format Version 12.00
# Visual Studio Version 17
VisualStudioVersion = 17.3.32922.545
MinimumVisualStudioVersion = 10.0.40219.1
Project("{FAE04EC0-301F-11D3-BF4B-00C04F79EFBC}") = "5dome", "5dome.csproj", "{D9935C62-D89A-4985-AF89-81FD71F01958}"
EndProject
Global
	GlobalSection(SolutionConfigurationPlatforms) = preSolution
		Debug|Any CPU = Debug|Any CPU
		Release|Any CPU = Release|Any CPU
	EndGlobalSection
	GlobalSection(ProjectConfigurationPlatforms) = postSolution
		{D9935C62-D89A-4985-AF89-81FD71F01958}.Debug|Any CPU.ActiveCfg = Debug|Any CPU
		{D9935C62-D89A-4985-AF89-81FD71F01958}.Debug|Any CPU.Build.0 = Debug|Any CPU
		{D9935C62-D89A-4985-AF89-81FD71F01958}.Release|Any CPU.ActiveCfg = Release|Any CPU
		{D9935C62-D89A-4985-AF89-81FD71F01958}.Release|Any CPU.Build.0 = Release|Any CPU
	EndGlobalSection
	GlobalSection(SolutionProperties) = preSolution
		HideSolutionNode = FALSE
	EndGlobalSection
	GlobalSection(ExtensibilityGlobals) = postSolution
		SolutionGuid = {E4DB13DF-376C-4DA8-BEE1-9EA8E255C7E0}
	EndGlobalSection
EndGlobal
