
Microsoft Visual Studio Solution File, Format Version 12.00
# Visual Studio Version 17
VisualStudioVersion = 17.4.33122.133
MinimumVisualStudioVersion = 10.0.40219.1
Project("{FAE04EC0-301F-11D3-BF4B-00C04F79EFBC}") = "8дз", "8дз.csproj", "{D02868D3-D12A-4DB9-AE44-700C5474A7AA}"
EndProject
Global
	GlobalSection(SolutionConfigurationPlatforms) = preSolution
		Debug|Any CPU = Debug|Any CPU
		Release|Any CPU = Release|Any CPU
	EndGlobalSection
	GlobalSection(ProjectConfigurationPlatforms) = postSolution
		{D02868D3-D12A-4DB9-AE44-700C5474A7AA}.Debug|Any CPU.ActiveCfg = Debug|Any CPU
		{D02868D3-D12A-4DB9-AE44-700C5474A7AA}.Debug|Any CPU.Build.0 = Debug|Any CPU
		{D02868D3-D12A-4DB9-AE44-700C5474A7AA}.Release|Any CPU.ActiveCfg = Release|Any CPU
		{D02868D3-D12A-4DB9-AE44-700C5474A7AA}.Release|Any CPU.Build.0 = Release|Any CPU
	EndGlobalSection
	GlobalSection(SolutionProperties) = preSolution
		HideSolutionNode = FALSE
	EndGlobalSection
	GlobalSection(ExtensibilityGlobals) = postSolution
		SolutionGuid = {A3017A55-F00F-4BCF-96BD-B5B1CCAA2F0E}
	EndGlobalSection
EndGlobal
